// !$*UTF8*$!
{
	archiveVersion = 1;
	classes = {
	};
	objectVersion = 55;
	objects = {

/* Begin PBXBuildFile section */
		1F68BCA82976F5B400A4979C /* Yachts.swift in Sources */ = {isa = PBXBuildFile; fileRef = 1F68BCA72976F5B400A4979C /* Yachts.swift */; };
		1F68BCAA2976F70700A4979C /* Jetskis.swift in Sources */ = {isa = PBXBuildFile; fileRef = 1F68BCA92976F70700A4979C /* Jetskis.swift */; };
		1F68BCAC2976F76500A4979C /* YachtsCell.swift in Sources */ = {isa = PBXBuildFile; fileRef = 1F68BCAB2976F76500A4979C /* YachtsCell.swift */; };
		1F68BCAE2976F77400A4979C /* JetskisCell.swift in Sources */ = {isa = PBXBuildFile; fileRef = 1F68BCAD2976F77400A4979C /* JetskisCell.swift */; };
		1F68BCB02976F99F00A4979C /* JetskiDetailViewController.swift in Sources */ = {isa = PBXBuildFile; fileRef = 1F68BCAF2976F99F00A4979C /* JetskiDetailViewController.swift */; };
		1F88848A2971CFBC002931A3 /* SplashViewController.swift in Sources */ = {isa = PBXBuildFile; fileRef = 1F8884892971CFBC002931A3 /* SplashViewController.swift */; };
		1F9176C029524C810063330B /* AppDelegate.swift in Sources */ = {isa = PBXBuildFile; fileRef = 1F9176BF29524C810063330B /* AppDelegate.swift */; };
		1F9176C229524C810063330B /* SceneDelegate.swift in Sources */ = {isa = PBXBuildFile; fileRef = 1F9176C129524C810063330B /* SceneDelegate.swift */; };
		1F9176C729524C810063330B /* Main.storyboard in Resources */ = {isa = PBXBuildFile; fileRef = 1F9176C529524C810063330B /* Main.storyboard */; };
		1F9176C929524C820063330B /* Assets.xcassets in Resources */ = {isa = PBXBuildFile; fileRef = 1F9176C829524C820063330B /* Assets.xcassets */; };
		1F9176CC29524C820063330B /* LaunchScreen.storyboard in Resources */ = {isa = PBXBuildFile; fileRef = 1F9176CA29524C820063330B /* LaunchScreen.storyboard */; };
		1FEA37F72974B736003CD08A /* YachtViewController.swift in Sources */ = {isa = PBXBuildFile; fileRef = 1FEA37F62974B736003CD08A /* YachtViewController.swift */; };
		1FEA37F92974B76A003CD08A /* JetskiViewController.swift in Sources */ = {isa = PBXBuildFile; fileRef = 1FEA37F82974B76A003CD08A /* JetskiViewController.swift */; };
		1FEA37FB2974B779003CD08A /* YachtDetailViewController.swift in Sources */ = {isa = PBXBuildFile; fileRef = 1FEA37FA2974B779003CD08A /* YachtDetailViewController.swift */; };
		58D0A0779678252F86EDD615 /* Pods_ChooseAYacht.framework in Frameworks */ = {isa = PBXBuildFile; fileRef = 38FB6012CE75A2FBFAB6E396 /* Pods_ChooseAYacht.framework */; };
/* End PBXBuildFile section */

/* Begin PBXFileReference section */
		1F68BCA72976F5B400A4979C /* Yachts.swift */ = {isa = PBXFileReference; lastKnownFileType = sourcecode.swift; path = Yachts.swift; sourceTree = "<group>"; };
		1F68BCA92976F70700A4979C /* Jetskis.swift */ = {isa = PBXFileReference; lastKnownFileType = sourcecode.swift; path = Jetskis.swift; sourceTree = "<group>"; };
		1F68BCAB2976F76500A4979C /* YachtsCell.swift */ = {isa = PBXFileReference; lastKnownFileType = sourcecode.swift; path = YachtsCell.swift; sourceTree = "<group>"; };
		1F68BCAD2976F77400A4979C /* JetskisCell.swift */ = {isa = PBXFileReference; lastKnownFileType = sourcecode.swift; path = JetskisCell.swift; sourceTree = "<group>"; };
		1F68BCAF2976F99F00A4979C /* JetskiDetailViewController.swift */ = {isa = PBXFileReference; lastKnownFileType = sourcecode.swift; path = JetskiDetailViewController.swift; sourceTree = "<group>"; };
		1F8884892971CFBC002931A3 /* SplashViewController.swift */ = {isa = PBXFileReference; lastKnownFileType = sourcecode.swift; path = SplashViewController.swift; sourceTree = "<group>"; };
		1F9176BC29524C810063330B /* ChooseAYacht.app */ = {isa = PBXFileReference; explicitFileType = wrapper.application; includeInIndex = 0; path = ChooseAYacht.app; sourceTree = BUILT_PRODUCTS_DIR; };
		1F9176BF29524C810063330B /* AppDelegate.swift */ = {isa = PBXFileReference; lastKnownFileType = sourcecode.swift; path = AppDelegate.swift; sourceTree = "<group>"; };
		1F9176C129524C810063330B /* SceneDelegate.swift */ = {isa = PBXFileReference; lastKnownFileType = sourcecode.swift; path = SceneDelegate.swift; sourceTree = "<group>"; };
		1F9176C629524C810063330B /* Base */ = {isa = PBXFileReference; lastKnownFileType = file.storyboard; name = Base; path = Base.lproj/Main.storyboard; sourceTree = "<group>"; };
		1F9176C829524C820063330B /* Assets.xcassets */ = {isa = PBXFileReference; lastKnownFileType = folder.assetcatalog; path = Assets.xcassets; sourceTree = "<group>"; };
		1F9176CB29524C820063330B /* Base */ = {isa = PBXFileReference; lastKnownFileType = file.storyboard; name = Base; path = Base.lproj/LaunchScreen.storyboard; sourceTree = "<group>"; };
		1F9176CD29524C820063330B /* Info.plist */ = {isa = PBXFileReference; lastKnownFileType = text.plist.xml; path = Info.plist; sourceTree = "<group>"; };
		1FEA37F62974B736003CD08A /* YachtViewController.swift */ = {isa = PBXFileReference; lastKnownFileType = sourcecode.swift; path = YachtViewController.swift; sourceTree = "<group>"; };
		1FEA37F82974B76A003CD08A /* JetskiViewController.swift */ = {isa = PBXFileReference; lastKnownFileType = sourcecode.swift; path = JetskiViewController.swift; sourceTree = "<group>"; };
		1FEA37FA2974B779003CD08A /* YachtDetailViewController.swift */ = {isa = PBXFileReference; lastKnownFileType = sourcecode.swift; path = YachtDetailViewController.swift; sourceTree = "<group>"; };
		38FB6012CE75A2FBFAB6E396 /* Pods_ChooseAYacht.framework */ = {isa = PBXFileReference; explicitFileType = wrapper.framework; includeInIndex = 0; path = Pods_ChooseAYacht.framework; sourceTree = BUILT_PRODUCTS_DIR; };
		71C71C64893FBD5589C7B27B /* Pods-ChooseAYacht.debug.xcconfig */ = {isa = PBXFileReference; includeInIndex = 1; lastKnownFileType = text.xcconfig; name = "Pods-ChooseAYacht.debug.xcconfig"; path = "Target Support Files/Pods-ChooseAYacht/Pods-ChooseAYacht.debug.xcconfig"; sourceTree = "<group>"; };
		A67FF93A5ED85CDE116DAD8D /* Pods-ChooseAYacht.release.xcconfig */ = {isa = PBXFileReference; includeInIndex = 1; lastKnownFileType = text.xcconfig; name = "Pods-ChooseAYacht.release.xcconfig"; path = "Target Support Files/Pods-ChooseAYacht/Pods-ChooseAYacht.release.xcconfig"; sourceTree = "<group>"; };
/* End PBXFileReference section */

/* Begin PBXFrameworksBuildPhase section */
		1F9176B929524C810063330B /* Frameworks */ = {
			isa = PBXFrameworksBuildPhase;
			buildActionMask = 2147483647;
			files = (
				58D0A0779678252F86EDD615 /* Pods_ChooseAYacht.framework in Frameworks */,
			);
			runOnlyForDeploymentPostprocessing = 0;
		};
/* End PBXFrameworksBuildPhase section */

/* Begin PBXGroup section */
		1F88848B2971EACF002931A3 /* Splash */ = {
			isa = PBXGroup;
			children = (
				1F8884892971CFBC002931A3 /* SplashViewController.swift */,
			);
			path = Splash;
			sourceTree = "<group>";
		};
		1F9176B329524C810063330B = {
			isa = PBXGroup;
			children = (
				1F9176BE29524C810063330B /* ChooseAYacht */,
				1F9176BD29524C810063330B /* Products */,
				954C7B2F6C2CBDA02DDCFDC0 /* Pods */,
				417AC1224C7C1E02FBCC94AD /* Frameworks */,
			);
			sourceTree = "<group>";
		};
		1F9176BD29524C810063330B /* Products */ = {
			isa = PBXGroup;
			children = (
				1F9176BC29524C810063330B /* ChooseAYacht.app */,
			);
			name = Products;
			sourceTree = "<group>";
		};
		1F9176BE29524C810063330B /* ChooseAYacht */ = {
			isa = PBXGroup;
			children = (
				1F88848B2971EACF002931A3 /* Splash */,
				1FEA37F52974B718003CD08A /* ViewControllers */,
				1F9176D529524D360063330B /* Models */,
				1F9176D629524D4B0063330B /* Helpers */,
				1F9176D729524D570063330B /* Storyboards */,
				1F9176D829524D840063330B /* Resources */,
				1F9176D429524CB50063330B /* App */,
				1F9176CD29524C820063330B /* Info.plist */,
			);
			path = ChooseAYacht;
			sourceTree = "<group>";
		};
		1F9176D429524CB50063330B /* App */ = {
			isa = PBXGroup;
			children = (
				1F9176BF29524C810063330B /* AppDelegate.swift */,
				1F9176C129524C810063330B /* SceneDelegate.swift */,
			);
			path = App;
			sourceTree = "<group>";
		};
		1F9176D529524D360063330B /* Models */ = {
			isa = PBXGroup;
			children = (
				1F68BCA72976F5B400A4979C /* Yachts.swift */,
				1F68BCA92976F70700A4979C /* Jetskis.swift */,
				1F68BCAB2976F76500A4979C /* YachtsCell.swift */,
				1F68BCAD2976F77400A4979C /* JetskisCell.swift */,
			);
			path = Models;
			sourceTree = "<group>";
		};
		1F9176D629524D4B0063330B /* Helpers */ = {
			isa = PBXGroup;
			children = (
			);
			path = Helpers;
			sourceTree = "<group>";
		};
		1F9176D729524D570063330B /* Storyboards */ = {
			isa = PBXGroup;
			children = (
				1F9176CA29524C820063330B /* LaunchScreen.storyboard */,
				1F9176C529524C810063330B /* Main.storyboard */,
			);
			path = Storyboards;
			sourceTree = "<group>";
		};
		1F9176D829524D840063330B /* Resources */ = {
			isa = PBXGroup;
			children = (
				1F9176C829524C820063330B /* Assets.xcassets */,
			);
			path = Resources;
			sourceTree = "<group>";
		};
		1FEA37F52974B718003CD08A /* ViewControllers */ = {
			isa = PBXGroup;
			children = (
				1FEA37F62974B736003CD08A /* YachtViewController.swift */,
				1FEA37F82974B76A003CD08A /* JetskiViewController.swift */,
				1FEA37FA2974B779003CD08A /* YachtDetailViewController.swift */,
				1F68BCAF2976F99F00A4979C /* JetskiDetailViewController.swift */,
			);
			path = ViewControllers;
			sourceTree = "<group>";
		};
		417AC1224C7C1E02FBCC94AD /* Frameworks */ = {
			isa = PBXGroup;
			children = (
				38FB6012CE75A2FBFAB6E396 /* Pods_ChooseAYacht.framework */,
			);
			name = Frameworks;
			sourceTree = "<group>";
		};
		954C7B2F6C2CBDA02DDCFDC0 /* Pods */ = {
			isa = PBXGroup;
			children = (
				71C71C64893FBD5589C7B27B /* Pods-ChooseAYacht.debug.xcconfig */,
				A67FF93A5ED85CDE116DAD8D /* Pods-ChooseAYacht.release.xcconfig */,
			);
			name = Pods;
			path = Pods;
			sourceTree = "<group>";
		};
/* End PBXGroup section */

/* Begin PBXNativeTarget section */
		1F9176BB29524C810063330B /* ChooseAYacht */ = {
			isa = PBXNativeTarget;
			buildConfigurationList = 1F9176D029524C820063330B /* Build configuration list for PBXNativeTarget "ChooseAYacht" */;
			buildPhases = (
				A39988BCB8B25A755F7D0093 /* [CP] Check Pods Manifest.lock */,
				1F9176B829524C810063330B /* Sources */,
				1F9176B929524C810063330B /* Frameworks */,
				1F9176BA29524C810063330B /* Resources */,
				8D966C4E5A9AACAB8170E8F7 /* [CP] Embed Pods Frameworks */,
			);
			buildRules = (
			);
			dependencies = (
			);
			name = ChooseAYacht;
			productName = YachtsChooseProject;
			productReference = 1F9176BC29524C810063330B /* ChooseAYacht.app */;
			productType = "com.apple.product-type.application";
		};
/* End PBXNativeTarget section */

/* Begin PBXProject section */
		1F9176B429524C810063330B /* Project object */ = {
			isa = PBXProject;
			attributes = {
				BuildIndependentTargetsInParallel = 1;
				LastSwiftUpdateCheck = 1410;
				LastUpgradeCheck = 1410;
				TargetAttributes = {
					1F9176BB29524C810063330B = {
						CreatedOnToolsVersion = 14.1;
					};
				};
			};
			buildConfigurationList = 1F9176B729524C810063330B /* Build configuration list for PBXProject "ChooseAYacht" */;
			compatibilityVersion = "Xcode 14.0";
			developmentRegion = en;
			hasScannedForEncodings = 0;
			knownRegions = (
				en,
				Base,
			);
			mainGroup = 1F9176B329524C810063330B;
			productRefGroup = 1F9176BD29524C810063330B /* Products */;
			projectDirPath = "";
			projectRoot = "";
			targets = (
				1F9176BB29524C810063330B /* ChooseAYacht */,
			);
		};
/* End PBXProject section */

/* Begin PBXResourcesBuildPhase section */
		1F9176BA29524C810063330B /* Resources */ = {
			isa = PBXResourcesBuildPhase;
			buildActionMask = 2147483647;
			files = (
				1F9176CC29524C820063330B /* LaunchScreen.storyboard in Resources */,
				1F9176C929524C820063330B /* Assets.xcassets in Resources */,
				1F9176C729524C810063330B /* Main.storyboard in Resources */,
			);
			runOnlyForDeploymentPostprocessing = 0;
		};
/* End PBXResourcesBuildPhase section */

/* Begin PBXShellScriptBuildPhase section */
		8D966C4E5A9AACAB8170E8F7 /* [CP] Embed Pods Frameworks */ = {
			isa = PBXShellScriptBuildPhase;
			buildActionMask = 2147483647;
			files = (
			);
			inputFileListPaths = (
				"${PODS_ROOT}/Target Support Files/Pods-ChooseAYacht/Pods-ChooseAYacht-frameworks-${CONFIGURATION}-input-files.xcfilelist",
			);
			name = "[CP] Embed Pods Frameworks";
			outputFileListPaths = (
				"${PODS_ROOT}/Target Support Files/Pods-ChooseAYacht/Pods-ChooseAYacht-frameworks-${CONFIGURATION}-output-files.xcfilelist",
			);
			runOnlyForDeploymentPostprocessing = 0;
			shellPath = /bin/sh;
			shellScript = "\"${PODS_ROOT}/Target Support Files/Pods-ChooseAYacht/Pods-ChooseAYacht-frameworks.sh\"\n";
			showEnvVarsInLog = 0;
		};
		A39988BCB8B25A755F7D0093 /* [CP] Check Pods Manifest.lock */ = {
			isa = PBXShellScriptBuildPhase;
			buildActionMask = 2147483647;
			files = (
			);
			inputFileListPaths = (
			);
			inputPaths = (
				"${PODS_PODFILE_DIR_PATH}/Podfile.lock",
				"${PODS_ROOT}/Manifest.lock",
			);
			name = "[CP] Check Pods Manifest.lock";
			outputFileListPaths = (
			);
			outputPaths = (
				"$(DERIVED_FILE_DIR)/Pods-ChooseAYacht-checkManifestLockResult.txt",
			);
			runOnlyForDeploymentPostprocessing = 0;
			shellPath = /bin/sh;
			shellScript = "diff \"${PODS_PODFILE_DIR_PATH}/Podfile.lock\" \"${PODS_ROOT}/Manifest.lock\" > /dev/null\nif [ $? != 0 ] ; then\n    # print error to STDERR\n    echo \"error: The sandbox is not in sync with the Podfile.lock. Run 'pod install' or update your CocoaPods installation.\" >&2\n    exit 1\nfi\n# This output is used by Xcode 'outputs' to avoid re-running this script phase.\necho \"SUCCESS\" > \"${SCRIPT_OUTPUT_FILE_0}\"\n";
			showEnvVarsInLog = 0;
		};
/* End PBXShellScriptBuildPhase section */

/* Begin PBXSourcesBuildPhase section */
		1F9176B829524C810063330B /* Sources */ = {
			isa = PBXSourcesBuildPhase;
			buildActionMask = 2147483647;
			files = (
				1FEA37F92974B76A003CD08A /* JetskiViewController.swift in Sources */,
				1F68BCAE2976F77400A4979C /* JetskisCell.swift in Sources */,
				1F9176C029524C810063330B /* AppDelegate.swift in Sources */,
				1F9176C229524C810063330B /* SceneDelegate.swift in Sources */,
				1FEA37FB2974B779003CD08A /* YachtDetailViewController.swift in Sources */,
				1F68BCB02976F99F00A4979C /* JetskiDetailViewController.swift in Sources */,
				1F88848A2971CFBC002931A3 /* SplashViewController.swift in Sources */,
				1F68BCAA2976F70700A4979C /* Jetskis.swift in Sources */,
				1F68BCAC2976F76500A4979C /* YachtsCell.swift in Sources */,
				1FEA37F72974B736003CD08A /* YachtViewController.swift in Sources */,
				1F68BCA82976F5B400A4979C /* Yachts.swift in Sources */,
			);
			runOnlyForDeploymentPostprocessing = 0;
		};
/* End PBXSourcesBuildPhase section */

/* Begin PBXVariantGroup section */
		1F9176C529524C810063330B /* Main.storyboard */ = {
			isa = PBXVariantGroup;
			children = (
				1F9176C629524C810063330B /* Base */,
			);
			name = Main.storyboard;
			sourceTree = "<group>";
		};
		1F9176CA29524C820063330B /* LaunchScreen.storyboard */ = {
			isa = PBXVariantGroup;
			children = (
				1F9176CB29524C820063330B /* Base */,
			);
			name = LaunchScreen.storyboard;
			sourceTree = "<group>";
		};
/* End PBXVariantGroup section */

/* Begin XCBuildConfiguration section */
		1F9176CE29524C820063330B /* Debug */ = {
			isa = XCBuildConfiguration;
			buildSettings = {
				ALWAYS_SEARCH_USER_PATHS = NO;
				CLANG_ANALYZER_NONNULL = YES;
				CLANG_ANALYZER_NUMBER_OBJECT_CONVERSION = YES_AGGRESSIVE;
				CLANG_CXX_LANGUAGE_STANDARD = "gnu++20";
				CLANG_ENABLE_MODULES = YES;
				CLANG_ENABLE_OBJC_ARC = YES;
				CLANG_ENABLE_OBJC_WEAK = YES;
				CLANG_WARN_BLOCK_CAPTURE_AUTORELEASING = YES;
				CLANG_WARN_BOOL_CONVERSION = YES;
				CLANG_WARN_COMMA = YES;
				CLANG_WARN_CONSTANT_CONVERSION = YES;
				CLANG_WARN_DEPRECATED_OBJC_IMPLEMENTATIONS = YES;
				CLANG_WARN_DIRECT_OBJC_ISA_USAGE = YES_ERROR;
				CLANG_WARN_DOCUMENTATION_COMMENTS = YES;
				CLANG_WARN_EMPTY_BODY = YES;
				CLANG_WARN_ENUM_CONVERSION = YES;
				CLANG_WARN_INFINITE_RECURSION = YES;
				CLANG_WARN_INT_CONVERSION = YES;
				CLANG_WARN_NON_LITERAL_NULL_CONVERSION = YES;
				CLANG_WARN_OBJC_IMPLICIT_RETAIN_SELF = YES;
				CLANG_WARN_OBJC_LITERAL_CONVERSION = YES;
				CLANG_WARN_OBJC_ROOT_CLASS = YES_ERROR;
				CLANG_WARN_QUOTED_INCLUDE_IN_FRAMEWORK_HEADER = YES;
				CLANG_WARN_RANGE_LOOP_ANALYSIS = YES;
				CLANG_WARN_STRICT_PROTOTYPES = YES;
				CLANG_WARN_SUSPICIOUS_MOVE = YES;
				CLANG_WARN_UNGUARDED_AVAILABILITY = YES_AGGRESSIVE;
				CLANG_WARN_UNREACHABLE_CODE = YES;
				CLANG_WARN__DUPLICATE_METHOD_MATCH = YES;
				COPY_PHASE_STRIP = NO;
				DEBUG_INFORMATION_FORMAT = dwarf;
				ENABLE_STRICT_OBJC_MSGSEND = YES;
				ENABLE_TESTABILITY = YES;
				GCC_C_LANGUAGE_STANDARD = gnu11;
				GCC_DYNAMIC_NO_PIC = NO;
				GCC_NO_COMMON_BLOCKS = YES;
				GCC_OPTIMIZATION_LEVEL = 0;
				GCC_PREPROCESSOR_DEFINITIONS = (
					"DEBUG=1",
					"$(inherited)",
				);
				GCC_WARN_64_TO_32_BIT_CONVERSION = YES;
				GCC_WARN_ABOUT_RETURN_TYPE = YES_ERROR;
				GCC_WARN_UNDECLARED_SELECTOR = YES;
				GCC_WARN_UNINITIALIZED_AUTOS = YES_AGGRESSIVE;
				GCC_WARN_UNUSED_FUNCTION = YES;
				GCC_WARN_UNUSED_VARIABLE = YES;
				IPHONEOS_DEPLOYMENT_TARGET = 16.1;
				MTL_ENABLE_DEBUG_INFO = INCLUDE_SOURCE;
				MTL_FAST_MATH = YES;
				ONLY_ACTIVE_ARCH = YES;
				SDKROOT = iphoneos;
				SWIFT_ACTIVE_COMPILATION_CONDITIONS = DEBUG;
				SWIFT_OPTIMIZATION_LEVEL = "-Onone";
			};
			name = Debug;
		};
		1F9176CF29524C820063330B /* Release */ = {
			isa = XCBuildConfiguration;
			buildSettings = {
				ALWAYS_SEARCH_USER_PATHS = NO;
				CLANG_ANALYZER_NONNULL = YES;
				CLANG_ANALYZER_NUMBER_OBJECT_CONVERSION = YES_AGGRESSIVE;
				CLANG_CXX_LANGUAGE_STANDARD = "gnu++20";
				CLANG_ENABLE_MODULES = YES;
				CLANG_ENABLE_OBJC_ARC = YES;
				CLANG_ENABLE_OBJC_WEAK = YES;
				CLANG_WARN_BLOCK_CAPTURE_AUTORELEASING = YES;
				CLANG_WARN_BOOL_CONVERSION = YES;
				CLANG_WARN_COMMA = YES;
				CLANG_WARN_CONSTANT_CONVERSION = YES;
				CLANG_WARN_DEPRECATED_OBJC_IMPLEMENTATIONS = YES;
				CLANG_WARN_DIRECT_OBJC_ISA_USAGE = YES_ERROR;
				CLANG_WARN_DOCUMENTATION_COMMENTS = YES;
				CLANG_WARN_EMPTY_BODY = YES;
				CLANG_WARN_ENUM_CONVERSION = YES;
				CLANG_WARN_INFINITE_RECURSION = YES;
				CLANG_WARN_INT_CONVERSION = YES;
				CLANG_WARN_NON_LITERAL_NULL_CONVERSION = YES;
				CLANG_WARN_OBJC_IMPLICIT_RETAIN_SELF = YES;
				CLANG_WARN_OBJC_LITERAL_CONVERSION = YES;
				CLANG_WARN_OBJC_ROOT_CLASS = YES_ERROR;
				CLANG_WARN_QUOTED_INCLUDE_IN_FRAMEWORK_HEADER = YES;
				CLANG_WARN_RANGE_LOOP_ANALYSIS = YES;
				CLANG_WARN_STRICT_PROTOTYPES = YES;
				CLANG_WARN_SUSPICIOUS_MOVE = YES;
				CLANG_WARN_UNGUARDED_AVAILABILITY = YES_AGGRESSIVE;
				CLANG_WARN_UNREACHABLE_CODE = YES;
				CLANG_WARN__DUPLICATE_METHOD_MATCH = YES;
				COPY_PHASE_STRIP = NO;
				DEBUG_INFORMATION_FORMAT = "dwarf-with-dsym";
				ENABLE_NS_ASSERTIONS = NO;
				ENABLE_STRICT_OBJC_MSGSEND = YES;
				GCC_C_LANGUAGE_STANDARD = gnu11;
				GCC_NO_COMMON_BLOCKS = YES;
				GCC_WARN_64_TO_32_BIT_CONVERSION = YES;
				GCC_WARN_ABOUT_RETURN_TYPE = YES_ERROR;
				GCC_WARN_UNDECLARED_SELECTOR = YES;
				GCC_WARN_UNINITIALIZED_AUTOS = YES_AGGRESSIVE;
				GCC_WARN_UNUSED_FUNCTION = YES;
				GCC_WARN_UNUSED_VARIABLE = YES;
				IPHONEOS_DEPLOYMENT_TARGET = 16.1;
				MTL_ENABLE_DEBUG_INFO = NO;
				MTL_FAST_MATH = YES;
				SDKROOT = iphoneos;
				SWIFT_COMPILATION_MODE = wholemodule;
				SWIFT_OPTIMIZATION_LEVEL = "-O";
				VALIDATE_PRODUCT = YES;
			};
			name = Release;
		};
		1F9176D129524C820063330B /* Debug */ = {
			isa = XCBuildConfiguration;
			baseConfigurationReference = 71C71C64893FBD5589C7B27B /* Pods-ChooseAYacht.debug.xcconfig */;
			buildSettings = {
				ASSETCATALOG_COMPILER_APPICON_NAME = AppIcon;
				ASSETCATALOG_COMPILER_GLOBAL_ACCENT_COLOR_NAME = AccentColor;
				CODE_SIGN_STYLE = Automatic;
				CURRENT_PROJECT_VERSION = 1;
				DEVELOPMENT_TEAM = DHX7XMX27C;
				GENERATE_INFOPLIST_FILE = YES;
				INFOPLIST_FILE = ChooseAYacht/Info.plist;
				INFOPLIST_KEY_UIApplicationSupportsIndirectInputEvents = YES;
				INFOPLIST_KEY_UILaunchStoryboardName = LaunchScreen;
				INFOPLIST_KEY_UIMainStoryboardFile = Main;
				INFOPLIST_KEY_UISupportedInterfaceOrientations_iPad = "UIInterfaceOrientationPortrait UIInterfaceOrientationPortraitUpsideDown UIInterfaceOrientationLandscapeLeft UIInterfaceOrientationLandscapeRight";
				INFOPLIST_KEY_UISupportedInterfaceOrientations_iPhone = "UIInterfaceOrientationPortrait UIInterfaceOrientationLandscapeLeft UIInterfaceOrientationLandscapeRight";
				LD_RUNPATH_SEARCH_PATHS = (
					"$(inherited)",
					"@executable_path/Frameworks",
				);
				MARKETING_VERSION = 1.0;
				PRODUCT_BUNDLE_IDENTIFIER = AR.ChooseAYacht;
				PRODUCT_NAME = "$(TARGET_NAME)";
				SWIFT_EMIT_LOC_STRINGS = YES;
				SWIFT_VERSION = 5.0;
				TARGETED_DEVICE_FAMILY = "1,2";
			};
			name = Debug;
		};
		1F9176D229524C820063330B /* Release */ = {
			isa = XCBuildConfiguration;
			baseConfigurationReference = A67FF93A5ED85CDE116DAD8D /* Pods-ChooseAYacht.release.xcconfig */;
			buildSettings = {
				ASSETCATALOG_COMPILER_APPICON_NAME = AppIcon;
				ASSETCATALOG_COMPILER_GLOBAL_ACCENT_COLOR_NAME = AccentColor;
				CODE_SIGN_STYLE = Automatic;
				CURRENT_PROJECT_VERSION = 1;
				DEVELOPMENT_TEAM = DHX7XMX27C;
				GENERATE_INFOPLIST_FILE = YES;
				INFOPLIST_FILE = ChooseAYacht/Info.plist;
				INFOPLIST_KEY_UIApplicationSupportsIndirectInputEvents = YES;
				INFOPLIST_KEY_UILaunchStoryboardName = LaunchScreen;
				INFOPLIST_KEY_UIMainStoryboardFile = Main;
				INFOPLIST_KEY_UISupportedInterfaceOrientations_iPad = "UIInterfaceOrientationPortrait UIInterfaceOrientationPortraitUpsideDown UIInterfaceOrientationLandscapeLeft UIInterfaceOrientationLandscapeRight";
				INFOPLIST_KEY_UISupportedInterfaceOrientations_iPhone = "UIInterfaceOrientationPortrait UIInterfaceOrientationLandscapeLeft UIInterfaceOrientationLandscapeRight";
				LD_RUNPATH_SEARCH_PATHS = (
					"$(inherited)",
					"@executable_path/Frameworks",
				);
				MARKETING_VERSION = 1.0;
				PRODUCT_BUNDLE_IDENTIFIER = AR.ChooseAYacht;
				PRODUCT_NAME = "$(TARGET_NAME)";
				SWIFT_EMIT_LOC_STRINGS = YES;
				SWIFT_VERSION = 5.0;
				TARGETED_DEVICE_FAMILY = "1,2";
			};
			name = Release;
		};
/* End XCBuildConfiguration section */

/* Begin XCConfigurationList section */
		1F9176B729524C810063330B /* Build configuration list for PBXProject "ChooseAYacht" */ = {
			isa = XCConfigurationList;
			buildConfigurations = (
				1F9176CE29524C820063330B /* Debug */,
				1F9176CF29524C820063330B /* Release */,
			);
			defaultConfigurationIsVisible = 0;
			defaultConfigurationName = Release;
		};
		1F9176D029524C820063330B /* Build configuration list for PBXNativeTarget "ChooseAYacht" */ = {
			isa = XCConfigurationList;
			buildConfigurations = (
				1F9176D129524C820063330B /* Debug */,
				1F9176D229524C820063330B /* Release */,
			);
			defaultConfigurationIsVisible = 0;
			defaultConfigurationName = Release;
		};
/* End XCConfigurationList section */
	};
	rootObject = 1F9176B429524C810063330B /* Project object */;
}
